
Microsoft Visual Studio Solution File, Format Version 12.00
# Visual Studio Version 17
VisualStudioVersion = 17.7.34003.232
MinimumVisualStudioVersion = 10.0.40219.1
Project("{2150E333-8FDC-42A3-9474-1A3956D46DE8}") = "Core", "Core", "{65B3E202-C83E-4A84-960C-C451CDAC676E}"
EndProject
Project("{9A19103F-16F7-4668-BE54-9A1E7A4F7556}") = "EticaretApp.Domain", "Core\EticaretApp.Domain\EticaretApp.Domain.csproj", "{675F3BE4-5774-4947-8CBB-F3AEAA3EED44}"
EndProject
Project("{9A19103F-16F7-4668-BE54-9A1E7A4F7556}") = "EticaretApp.Application", "Core\EticaretApp.Application\EticaretApp.Application.csproj", "{A7D93A1A-6690-40B3-B682-EDF933BE73AE}"
EndProject
Project("{2150E333-8FDC-42A3-9474-1A3956D46DE8}") = "Infsrastructure", "Infsrastructure", "{29059022-DD22-42B5-B0E5-E52E5BDC33A7}"
EndProject
Project("{9A19103F-16F7-4668-BE54-9A1E7A4F7556}") = "EticaretApp.Infsrastructure", "Infsrastructure\EticaretApp.Infsrastructure\EticaretApp.Infsrastructure.csproj", "{DE5D3925-1458-4824-BF19-0B5E6DFFF3AE}"
EndProject
Project("{9A19103F-16F7-4668-BE54-9A1E7A4F7556}") = "EticaretApp.Persistence", "Infsrastructure\EticaretApp.Persistence\EticaretApp.Persistence.csproj", "{61BC5157-1530-4976-884E-BB1BC136B6A7}"
EndProject
Project("{2150E333-8FDC-42A3-9474-1A3956D46DE8}") = "Presentation", "Presentation", "{C02E405C-59DA-444A-A0CD-BA0BF2D472BD}"
EndProject
Project("{FAE04EC0-301F-11D3-BF4B-00C04F79EFBC}") = "EticaretApp.API", "Presentation\EticaretApp.API\EticaretApp.API.csproj", "{4F09F219-C66E-46B2-9899-AE9F385A15FE}"
EndProject
Global
	GlobalSection(SolutionConfigurationPlatforms) = preSolution
		Debug|Any CPU = Debug|Any CPU
		Release|Any CPU = Release|Any CPU
	EndGlobalSection
	GlobalSection(ProjectConfigurationPlatforms) = postSolution
		{675F3BE4-5774-4947-8CBB-F3AEAA3EED44}.Debug|Any CPU.ActiveCfg = Debug|Any CPU
		{675F3BE4-5774-4947-8CBB-F3AEAA3EED44}.Debug|Any CPU.Build.0 = Debug|Any CPU
		{675F3BE4-5774-4947-8CBB-F3AEAA3EED44}.Release|Any CPU.ActiveCfg = Release|Any CPU
		{675F3BE4-5774-4947-8CBB-F3AEAA3EED44}.Release|Any CPU.Build.0 = Release|Any CPU
		{A7D93A1A-6690-40B3-B682-EDF933BE73AE}.Debug|Any CPU.ActiveCfg = Debug|Any CPU
		{A7D93A1A-6690-40B3-B682-EDF933BE73AE}.Debug|Any CPU.Build.0 = Debug|Any CPU
		{A7D93A1A-6690-40B3-B682-EDF933BE73AE}.Release|Any CPU.ActiveCfg = Release|Any CPU
		{A7D93A1A-6690-40B3-B682-EDF933BE73AE}.Release|Any CPU.Build.0 = Release|Any CPU
		{DE5D3925-1458-4824-BF19-0B5E6DFFF3AE}.Debug|Any CPU.ActiveCfg = Debug|Any CPU
		{DE5D3925-1458-4824-BF19-0B5E6DFFF3AE}.Debug|Any CPU.Build.0 = Debug|Any CPU
		{DE5D3925-1458-4824-BF19-0B5E6DFFF3AE}.Release|Any CPU.ActiveCfg = Release|Any CPU
		{DE5D3925-1458-4824-BF19-0B5E6DFFF3AE}.Release|Any CPU.Build.0 = Release|Any CPU
		{61BC5157-1530-4976-884E-BB1BC136B6A7}.Debug|Any CPU.ActiveCfg = Debug|Any CPU
		{61BC5157-1530-4976-884E-BB1BC136B6A7}.Debug|Any CPU.Build.0 = Debug|Any CPU
		{61BC5157-1530-4976-884E-BB1BC136B6A7}.Release|Any CPU.ActiveCfg = Release|Any CPU
		{61BC5157-1530-4976-884E-BB1BC136B6A7}.Release|Any CPU.Build.0 = Release|Any CPU
		{4F09F219-C66E-46B2-9899-AE9F385A15FE}.Debug|Any CPU.ActiveCfg = Debug|Any CPU
		{4F09F219-C66E-46B2-9899-AE9F385A15FE}.Debug|Any CPU.Build.0 = Debug|Any CPU
		{4F09F219-C66E-46B2-9899-AE9F385A15FE}.Release|Any CPU.ActiveCfg = Release|Any CPU
		{4F09F219-C66E-46B2-9899-AE9F385A15FE}.Release|Any CPU.Build.0 = Release|Any CPU
	EndGlobalSection
	GlobalSection(SolutionProperties) = preSolution
		HideSolutionNode = FALSE
	EndGlobalSection
	GlobalSection(NestedProjects) = preSolution
		{675F3BE4-5774-4947-8CBB-F3AEAA3EED44} = {65B3E202-C83E-4A84-960C-C451CDAC676E}
		{A7D93A1A-6690-40B3-B682-EDF933BE73AE} = {65B3E202-C83E-4A84-960C-C451CDAC676E}
		{DE5D3925-1458-4824-BF19-0B5E6DFFF3AE} = {29059022-DD22-42B5-B0E5-E52E5BDC33A7}
		{61BC5157-1530-4976-884E-BB1BC136B6A7} = {29059022-DD22-42B5-B0E5-E52E5BDC33A7}
		{4F09F219-C66E-46B2-9899-AE9F385A15FE} = {C02E405C-59DA-444A-A0CD-BA0BF2D472BD}
	EndGlobalSection
	GlobalSection(ExtensibilityGlobals) = postSolution
		SolutionGuid = {6714260D-46EA-4B8A-B40F-606961582423}
	EndGlobalSection
EndGlobal
